
Microsoft Visual Studio Solution File, Format Version 12.00
# Visual Studio 14
VisualStudioVersion = 14.0.25420.1
MinimumVisualStudioVersion = 10.0.40219.1
Project("{8BC9CEB8-8B4A-11D0-8D11-00A0C91BC942}") = "SrkTs01", "SrkTs01.vcxproj", "{EC7B8F4E-D2C0-484A-9638-1A9AE0DE83F1}"
EndProject
Global
	GlobalSection(SolutionConfigurationPlatforms) = preSolution
		Debug|x64 = Debug|x64
		Debug|x86 = Debug|x86
		Release|x64 = Release|x64
		Release|x86 = Release|x86
	EndGlobalSection
	GlobalSection(ProjectConfigurationPlatforms) = postSolution
		{EC7B8F4E-D2C0-484A-9638-1A9AE0DE83F1}.Debug|x64.ActiveCfg = Debug|x64
		{EC7B8F4E-D2C0-484A-9638-1A9AE0DE83F1}.Debug|x64.Build.0 = Debug|x64
		{EC7B8F4E-D2C0-484A-9638-1A9AE0DE83F1}.Debug|x86.ActiveCfg = Debug|Win32
		{EC7B8F4E-D2C0-484A-9638-1A9AE0DE83F1}.Debug|x86.Build.0 = Debug|Win32
		{EC7B8F4E-D2C0-484A-9638-1A9AE0DE83F1}.Release|x64.ActiveCfg = Release|x64
		{EC7B8F4E-D2C0-484A-9638-1A9AE0DE83F1}.Release|x64.Build.0 = Release|x64
		{EC7B8F4E-D2C0-484A-9638-1A9AE0DE83F1}.Release|x86.ActiveCfg = Release|Win32
		{EC7B8F4E-D2C0-484A-9638-1A9AE0DE83F1}.Release|x86.Build.0 = Release|Win32
	EndGlobalSection
	GlobalSection(SolutionProperties) = preSolution
		HideSolutionNode = FALSE
	EndGlobalSection
EndGlobal
